// !$*UTF8*$!
{
	archiveVersion = 1;
	classes = {
	};
	objectVersion = 55;
	objects = {

/* Begin PBXBuildFile section */
		2C3ADDE728649E1600690FF5 /* CustomTableViewCell.swift in Sources */ = {isa = PBXBuildFile; fileRef = 2C3ADDE628649E1600690FF5 /* CustomTableViewCell.swift */; };
		2C3ADDE92864B19300690FF5 /* GoogleService-Info.plist in Resources */ = {isa = PBXBuildFile; fileRef = 2C3ADDE82864B19300690FF5 /* GoogleService-Info.plist */; };
		2C3ADDEC2864B28500690FF5 /* FirebaseAnalytics in Frameworks */ = {isa = PBXBuildFile; productRef = 2C3ADDEB2864B28500690FF5 /* FirebaseAnalytics */; };
		2C3ADDEE2864B28500690FF5 /* FirebaseAnalyticsOnDeviceConversion in Frameworks */ = {isa = PBXBuildFile; productRef = 2C3ADDED2864B28500690FF5 /* FirebaseAnalyticsOnDeviceConversion */; };
		2C3ADDF02864B28500690FF5 /* FirebaseAnalyticsSwift in Frameworks */ = {isa = PBXBuildFile; productRef = 2C3ADDEF2864B28500690FF5 /* FirebaseAnalyticsSwift */; };
		2C3ADDF22864B28500690FF5 /* FirebaseAnalyticsWithoutAdIdSupport in Frameworks */ = {isa = PBXBuildFile; productRef = 2C3ADDF12864B28500690FF5 /* FirebaseAnalyticsWithoutAdIdSupport */; };
		2C3ADDF42864B28500690FF5 /* FirebaseAppCheck in Frameworks */ = {isa = PBXBuildFile; productRef = 2C3ADDF32864B28500690FF5 /* FirebaseAppCheck */; };
		2C3ADDF62864B28500690FF5 /* FirebaseAppDistribution-Beta in Frameworks */ = {isa = PBXBuildFile; productRef = 2C3ADDF52864B28500690FF5 /* FirebaseAppDistribution-Beta */; };
		2C3ADDF82864B28500690FF5 /* FirebaseAuth in Frameworks */ = {isa = PBXBuildFile; productRef = 2C3ADDF72864B28500690FF5 /* FirebaseAuth */; };
		2C3ADDFA2864B28500690FF5 /* FirebaseAuthCombine-Community in Frameworks */ = {isa = PBXBuildFile; productRef = 2C3ADDF92864B28500690FF5 /* FirebaseAuthCombine-Community */; };
		2C3ADDFC2864B28500690FF5 /* FirebaseCrashlytics in Frameworks */ = {isa = PBXBuildFile; productRef = 2C3ADDFB2864B28500690FF5 /* FirebaseCrashlytics */; };
		2C3ADDFE2864B28500690FF5 /* FirebaseDatabase in Frameworks */ = {isa = PBXBuildFile; productRef = 2C3ADDFD2864B28500690FF5 /* FirebaseDatabase */; };
		2C3ADE002864B28500690FF5 /* FirebaseDatabaseSwift in Frameworks */ = {isa = PBXBuildFile; productRef = 2C3ADDFF2864B28500690FF5 /* FirebaseDatabaseSwift */; };
		2C3ADE022864B28500690FF5 /* FirebaseDynamicLinks in Frameworks */ = {isa = PBXBuildFile; productRef = 2C3ADE012864B28500690FF5 /* FirebaseDynamicLinks */; };
		2C3ADE042864B28500690FF5 /* FirebaseFunctions in Frameworks */ = {isa = PBXBuildFile; productRef = 2C3ADE032864B28500690FF5 /* FirebaseFunctions */; };
		2C3ADE062864B28500690FF5 /* FirebaseFunctionsCombine-Community in Frameworks */ = {isa = PBXBuildFile; productRef = 2C3ADE052864B28500690FF5 /* FirebaseFunctionsCombine-Community */; };
		2C3ADE082864B28500690FF5 /* FirebaseInstallations in Frameworks */ = {isa = PBXBuildFile; productRef = 2C3ADE072864B28500690FF5 /* FirebaseInstallations */; };
		2C3ADE0A2864B28500690FF5 /* FirebaseMLModelDownloader in Frameworks */ = {isa = PBXBuildFile; productRef = 2C3ADE092864B28500690FF5 /* FirebaseMLModelDownloader */; };
		2C3ADE0C2864B28500690FF5 /* FirebaseMessaging in Frameworks */ = {isa = PBXBuildFile; productRef = 2C3ADE0B2864B28500690FF5 /* FirebaseMessaging */; };
		2C3ADE0E2864B28500690FF5 /* FirebasePerformance in Frameworks */ = {isa = PBXBuildFile; productRef = 2C3ADE0D2864B28500690FF5 /* FirebasePerformance */; };
		2C3ADE112865E05C00690FF5 /* SwiftyJSON in Frameworks */ = {isa = PBXBuildFile; productRef = 2C3ADE102865E05C00690FF5 /* SwiftyJSON */; };
		2CA7E8B82862E51500C7B622 /* AppDelegate.swift in Sources */ = {isa = PBXBuildFile; fileRef = 2CA7E8B72862E51500C7B622 /* AppDelegate.swift */; };
		2CA7E8BA2862E51500C7B622 /* SceneDelegate.swift in Sources */ = {isa = PBXBuildFile; fileRef = 2CA7E8B92862E51500C7B622 /* SceneDelegate.swift */; };
		2CA7E8BC2862E51500C7B622 /* ViewController.swift in Sources */ = {isa = PBXBuildFile; fileRef = 2CA7E8BB2862E51500C7B622 /* ViewController.swift */; };
		2CA7E8BF2862E51500C7B622 /* Main.storyboard in Resources */ = {isa = PBXBuildFile; fileRef = 2CA7E8BD2862E51500C7B622 /* Main.storyboard */; };
		2CA7E8C22862E51500C7B622 /* myTodoList.xcdatamodeld in Sources */ = {isa = PBXBuildFile; fileRef = 2CA7E8C02862E51500C7B622 /* myTodoList.xcdatamodeld */; };
		2CA7E8C42862E51600C7B622 /* Assets.xcassets in Resources */ = {isa = PBXBuildFile; fileRef = 2CA7E8C32862E51600C7B622 /* Assets.xcassets */; };
		2CA7E8C72862E51600C7B622 /* LaunchScreen.storyboard in Resources */ = {isa = PBXBuildFile; fileRef = 2CA7E8C52862E51600C7B622 /* LaunchScreen.storyboard */; };
		2CA7E8D02862E6A200C7B622 /* ToDoListItem+CoreDataClass.swift in Sources */ = {isa = PBXBuildFile; fileRef = 2CA7E8CE2862E6A200C7B622 /* ToDoListItem+CoreDataClass.swift */; };
		2CA7E8D12862E6A200C7B622 /* ToDoListItem+CoreDataProperties.swift in Sources */ = {isa = PBXBuildFile; fileRef = 2CA7E8CF2862E6A200C7B622 /* ToDoListItem+CoreDataProperties.swift */; };
/* End PBXBuildFile section */

/* Begin PBXFileReference section */
		2C3ADDE628649E1600690FF5 /* CustomTableViewCell.swift */ = {isa = PBXFileReference; lastKnownFileType = sourcecode.swift; path = CustomTableViewCell.swift; sourceTree = "<group>"; };
		2C3ADDE82864B19300690FF5 /* GoogleService-Info.plist */ = {isa = PBXFileReference; fileEncoding = 4; lastKnownFileType = text.plist.xml; path = "GoogleService-Info.plist"; sourceTree = "<group>"; };
		2CA7E8B42862E51500C7B622 /* myTodoList.app */ = {isa = PBXFileReference; explicitFileType = wrapper.application; includeInIndex = 0; path = myTodoList.app; sourceTree = BUILT_PRODUCTS_DIR; };
		2CA7E8B72862E51500C7B622 /* AppDelegate.swift */ = {isa = PBXFileReference; lastKnownFileType = sourcecode.swift; path = AppDelegate.swift; sourceTree = "<group>"; };
		2CA7E8B92862E51500C7B622 /* SceneDelegate.swift */ = {isa = PBXFileReference; lastKnownFileType = sourcecode.swift; path = SceneDelegate.swift; sourceTree = "<group>"; };
		2CA7E8BB2862E51500C7B622 /* ViewController.swift */ = {isa = PBXFileReference; lastKnownFileType = sourcecode.swift; path = ViewController.swift; sourceTree = "<group>"; };
		2CA7E8BE2862E51500C7B622 /* Base */ = {isa = PBXFileReference; lastKnownFileType = file.storyboard; name = Base; path = Base.lproj/Main.storyboard; sourceTree = "<group>"; };
		2CA7E8C12862E51500C7B622 /* myTodoList.xcdatamodel */ = {isa = PBXFileReference; lastKnownFileType = wrapper.xcdatamodel; path = myTodoList.xcdatamodel; sourceTree = "<group>"; };
		2CA7E8C32862E51600C7B622 /* Assets.xcassets */ = {isa = PBXFileReference; lastKnownFileType = folder.assetcatalog; path = Assets.xcassets; sourceTree = "<group>"; };
		2CA7E8C62862E51600C7B622 /* Base */ = {isa = PBXFileReference; lastKnownFileType = file.storyboard; name = Base; path = Base.lproj/LaunchScreen.storyboard; sourceTree = "<group>"; };
		2CA7E8C82862E51600C7B622 /* Info.plist */ = {isa = PBXFileReference; lastKnownFileType = text.plist.xml; path = Info.plist; sourceTree = "<group>"; };
		2CA7E8CE2862E6A200C7B622 /* ToDoListItem+CoreDataClass.swift */ = {isa = PBXFileReference; lastKnownFileType = sourcecode.swift; path = "ToDoListItem+CoreDataClass.swift"; sourceTree = "<group>"; };
		2CA7E8CF2862E6A200C7B622 /* ToDoListItem+CoreDataProperties.swift */ = {isa = PBXFileReference; lastKnownFileType = sourcecode.swift; path = "ToDoListItem+CoreDataProperties.swift"; sourceTree = "<group>"; };
/* End PBXFileReference section */

/* Begin PBXFrameworksBuildPhase section */
		2CA7E8B12862E51500C7B622 /* Frameworks */ = {
			isa = PBXFrameworksBuildPhase;
			buildActionMask = 2147483647;
			files = (
				2C3ADDFE2864B28500690FF5 /* FirebaseDatabase in Frameworks */,
				2C3ADDF02864B28500690FF5 /* FirebaseAnalyticsSwift in Frameworks */,
				2C3ADE0E2864B28500690FF5 /* FirebasePerformance in Frameworks */,
				2C3ADDEC2864B28500690FF5 /* FirebaseAnalytics in Frameworks */,
				2C3ADE0A2864B28500690FF5 /* FirebaseMLModelDownloader in Frameworks */,
				2C3ADDEE2864B28500690FF5 /* FirebaseAnalyticsOnDeviceConversion in Frameworks */,
				2C3ADDF42864B28500690FF5 /* FirebaseAppCheck in Frameworks */,
				2C3ADDF22864B28500690FF5 /* FirebaseAnalyticsWithoutAdIdSupport in Frameworks */,
				2C3ADDF82864B28500690FF5 /* FirebaseAuth in Frameworks */,
				2C3ADE062864B28500690FF5 /* FirebaseFunctionsCombine-Community in Frameworks */,
				2C3ADE0C2864B28500690FF5 /* FirebaseMessaging in Frameworks */,
				2C3ADDFC2864B28500690FF5 /* FirebaseCrashlytics in Frameworks */,
				2C3ADE082864B28500690FF5 /* FirebaseInstallations in Frameworks */,
				2C3ADE002864B28500690FF5 /* FirebaseDatabaseSwift in Frameworks */,
				2C3ADE042864B28500690FF5 /* FirebaseFunctions in Frameworks */,
				2C3ADDF62864B28500690FF5 /* FirebaseAppDistribution-Beta in Frameworks */,
				2C3ADDFA2864B28500690FF5 /* FirebaseAuthCombine-Community in Frameworks */,
				2C3ADE112865E05C00690FF5 /* SwiftyJSON in Frameworks */,
				2C3ADE022864B28500690FF5 /* FirebaseDynamicLinks in Frameworks */,
			);
			runOnlyForDeploymentPostprocessing = 0;
		};
/* End PBXFrameworksBuildPhase section */

/* Begin PBXGroup section */
		2CA7E8AB2862E51500C7B622 = {
			isa = PBXGroup;
			children = (
				2CA7E8B62862E51500C7B622 /* myTodoList */,
				2CA7E8B52862E51500C7B622 /* Products */,
			);
			sourceTree = "<group>";
		};
		2CA7E8B52862E51500C7B622 /* Products */ = {
			isa = PBXGroup;
			children = (
				2CA7E8B42862E51500C7B622 /* myTodoList.app */,
			);
			name = Products;
			sourceTree = "<group>";
		};
		2CA7E8B62862E51500C7B622 /* myTodoList */ = {
			isa = PBXGroup;
			children = (
				2CA7E8D22862E6BD00C7B622 /* ToDoListItem */,
				2CA7E8B72862E51500C7B622 /* AppDelegate.swift */,
				2C3ADDE628649E1600690FF5 /* CustomTableViewCell.swift */,
				2CA7E8B92862E51500C7B622 /* SceneDelegate.swift */,
				2CA7E8BB2862E51500C7B622 /* ViewController.swift */,
				2CA7E8BD2862E51500C7B622 /* Main.storyboard */,
				2CA7E8C32862E51600C7B622 /* Assets.xcassets */,
				2CA7E8C52862E51600C7B622 /* LaunchScreen.storyboard */,
				2CA7E8C82862E51600C7B622 /* Info.plist */,
				2CA7E8C02862E51500C7B622 /* myTodoList.xcdatamodeld */,
				2C3ADDE82864B19300690FF5 /* GoogleService-Info.plist */,
			);
			path = myTodoList;
			sourceTree = "<group>";
		};
		2CA7E8D22862E6BD00C7B622 /* ToDoListItem */ = {
			isa = PBXGroup;
			children = (
				2CA7E8CE2862E6A200C7B622 /* ToDoListItem+CoreDataClass.swift */,
				2CA7E8CF2862E6A200C7B622 /* ToDoListItem+CoreDataProperties.swift */,
			);
			path = ToDoListItem;
			sourceTree = "<group>";
		};
/* End PBXGroup section */

/* Begin PBXNativeTarget section */
		2CA7E8B32862E51500C7B622 /* myTodoList */ = {
			isa = PBXNativeTarget;
			buildConfigurationList = 2CA7E8CB2862E51600C7B622 /* Build configuration list for PBXNativeTarget "myTodoList" */;
			buildPhases = (
				2CA7E8B02862E51500C7B622 /* Sources */,
				2CA7E8B12862E51500C7B622 /* Frameworks */,
				2CA7E8B22862E51500C7B622 /* Resources */,
			);
			buildRules = (
			);
			dependencies = (
			);
			name = myTodoList;
			packageProductDependencies = (
				2C3ADDEB2864B28500690FF5 /* FirebaseAnalytics */,
				2C3ADDED2864B28500690FF5 /* FirebaseAnalyticsOnDeviceConversion */,
				2C3ADDEF2864B28500690FF5 /* FirebaseAnalyticsSwift */,
				2C3ADDF12864B28500690FF5 /* FirebaseAnalyticsWithoutAdIdSupport */,
				2C3ADDF32864B28500690FF5 /* FirebaseAppCheck */,
				2C3ADDF52864B28500690FF5 /* FirebaseAppDistribution-Beta */,
				2C3ADDF72864B28500690FF5 /* FirebaseAuth */,
				2C3ADDF92864B28500690FF5 /* FirebaseAuthCombine-Community */,
				2C3ADDFB2864B28500690FF5 /* FirebaseCrashlytics */,
				2C3ADDFD2864B28500690FF5 /* FirebaseDatabase */,
				2C3ADDFF2864B28500690FF5 /* FirebaseDatabaseSwift */,
				2C3ADE012864B28500690FF5 /* FirebaseDynamicLinks */,
				2C3ADE032864B28500690FF5 /* FirebaseFunctions */,
				2C3ADE052864B28500690FF5 /* FirebaseFunctionsCombine-Community */,
				2C3ADE072864B28500690FF5 /* FirebaseInstallations */,
				2C3ADE092864B28500690FF5 /* FirebaseMLModelDownloader */,
				2C3ADE0B2864B28500690FF5 /* FirebaseMessaging */,
				2C3ADE0D2864B28500690FF5 /* FirebasePerformance */,
				2C3ADE102865E05C00690FF5 /* SwiftyJSON */,
			);
			productName = myTodoList;
			productReference = 2CA7E8B42862E51500C7B622 /* myTodoList.app */;
			productType = "com.apple.product-type.application";
		};
/* End PBXNativeTarget section */

/* Begin PBXProject section */
		2CA7E8AC2862E51500C7B622 /* Project object */ = {
			isa = PBXProject;
			attributes = {
				BuildIndependentTargetsInParallel = 1;
				LastSwiftUpdateCheck = 1340;
				LastUpgradeCheck = 1340;
				TargetAttributes = {
					2CA7E8B32862E51500C7B622 = {
						CreatedOnToolsVersion = 13.4.1;
					};
				};
			};
			buildConfigurationList = 2CA7E8AF2862E51500C7B622 /* Build configuration list for PBXProject "myTodoList" */;
			compatibilityVersion = "Xcode 13.0";
			developmentRegion = en;
			hasScannedForEncodings = 0;
			knownRegions = (
				en,
				Base,
			);
			mainGroup = 2CA7E8AB2862E51500C7B622;
			packageReferences = (
				2C3ADDEA2864B28500690FF5 /* XCRemoteSwiftPackageReference "firebase-ios-sdk" */,
				2C3ADE0F2865E05B00690FF5 /* XCRemoteSwiftPackageReference "SwiftyJSON" */,
			);
			productRefGroup = 2CA7E8B52862E51500C7B622 /* Products */;
			projectDirPath = "";
			projectRoot = "";
			targets = (
				2CA7E8B32862E51500C7B622 /* myTodoList */,
			);
		};
/* End PBXProject section */

/* Begin PBXResourcesBuildPhase section */
		2CA7E8B22862E51500C7B622 /* Resources */ = {
			isa = PBXResourcesBuildPhase;
			buildActionMask = 2147483647;
			files = (
				2CA7E8C72862E51600C7B622 /* LaunchScreen.storyboard in Resources */,
				2C3ADDE92864B19300690FF5 /* GoogleService-Info.plist in Resources */,
				2CA7E8C42862E51600C7B622 /* Assets.xcassets in Resources */,
				2CA7E8BF2862E51500C7B622 /* Main.storyboard in Resources */,
			);
			runOnlyForDeploymentPostprocessing = 0;
		};
/* End PBXResourcesBuildPhase section */

/* Begin PBXSourcesBuildPhase section */
		2CA7E8B02862E51500C7B622 /* Sources */ = {
			isa = PBXSourcesBuildPhase;
			buildActionMask = 2147483647;
			files = (
				2CA7E8BC2862E51500C7B622 /* ViewController.swift in Sources */,
				2CA7E8B82862E51500C7B622 /* AppDelegate.swift in Sources */,
				2CA7E8BA2862E51500C7B622 /* SceneDelegate.swift in Sources */,
				2C3ADDE728649E1600690FF5 /* CustomTableViewCell.swift in Sources */,
				2CA7E8D02862E6A200C7B622 /* ToDoListItem+CoreDataClass.swift in Sources */,
				2CA7E8D12862E6A200C7B622 /* ToDoListItem+CoreDataProperties.swift in Sources */,
				2CA7E8C22862E51500C7B622 /* myTodoList.xcdatamodeld in Sources */,
			);
			runOnlyForDeploymentPostprocessing = 0;
		};
/* End PBXSourcesBuildPhase section */

/* Begin PBXVariantGroup section */
		2CA7E8BD2862E51500C7B622 /* Main.storyboard */ = {
			isa = PBXVariantGroup;
			children = (
				2CA7E8BE2862E51500C7B622 /* Base */,
			);
			name = Main.storyboard;
			sourceTree = "<group>";
		};
		2CA7E8C52862E51600C7B622 /* LaunchScreen.storyboard */ = {
			isa = PBXVariantGroup;
			children = (
				2CA7E8C62862E51600C7B622 /* Base */,
			);
			name = LaunchScreen.storyboard;
			sourceTree = "<group>";
		};
/* End PBXVariantGroup section */

/* Begin XCBuildConfiguration section */
		2CA7E8C92862E51600C7B622 /* Debug */ = {
			isa = XCBuildConfiguration;
			buildSettings = {
				ALWAYS_SEARCH_USER_PATHS = NO;
				CLANG_ANALYZER_NONNULL = YES;
				CLANG_ANALYZER_NUMBER_OBJECT_CONVERSION = YES_AGGRESSIVE;
				CLANG_CXX_LANGUAGE_STANDARD = "gnu++17";
				CLANG_ENABLE_MODULES = YES;
				CLANG_ENABLE_OBJC_ARC = YES;
				CLANG_ENABLE_OBJC_WEAK = YES;
				CLANG_WARN_BLOCK_CAPTURE_AUTORELEASING = YES;
				CLANG_WARN_BOOL_CONVERSION = YES;
				CLANG_WARN_COMMA = YES;
				CLANG_WARN_CONSTANT_CONVERSION = YES;
				CLANG_WARN_DEPRECATED_OBJC_IMPLEMENTATIONS = YES;
				CLANG_WARN_DIRECT_OBJC_ISA_USAGE = YES_ERROR;
				CLANG_WARN_DOCUMENTATION_COMMENTS = YES;
				CLANG_WARN_EMPTY_BODY = YES;
				CLANG_WARN_ENUM_CONVERSION = YES;
				CLANG_WARN_INFINITE_RECURSION = YES;
				CLANG_WARN_INT_CONVERSION = YES;
				CLANG_WARN_NON_LITERAL_NULL_CONVERSION = YES;
				CLANG_WARN_OBJC_IMPLICIT_RETAIN_SELF = YES;
				CLANG_WARN_OBJC_LITERAL_CONVERSION = YES;
				CLANG_WARN_OBJC_ROOT_CLASS = YES_ERROR;
				CLANG_WARN_QUOTED_INCLUDE_IN_FRAMEWORK_HEADER = YES;
				CLANG_WARN_RANGE_LOOP_ANALYSIS = YES;
				CLANG_WARN_STRICT_PROTOTYPES = YES;
				CLANG_WARN_SUSPICIOUS_MOVE = YES;
				CLANG_WARN_UNGUARDED_AVAILABILITY = YES_AGGRESSIVE;
				CLANG_WARN_UNREACHABLE_CODE = YES;
				CLANG_WARN__DUPLICATE_METHOD_MATCH = YES;
				COPY_PHASE_STRIP = NO;
				DEBUG_INFORMATION_FORMAT = dwarf;
				ENABLE_STRICT_OBJC_MSGSEND = YES;
				ENABLE_TESTABILITY = YES;
				GCC_C_LANGUAGE_STANDARD = gnu11;
				GCC_DYNAMIC_NO_PIC = NO;
				GCC_NO_COMMON_BLOCKS = YES;
				GCC_OPTIMIZATION_LEVEL = 0;
				GCC_PREPROCESSOR_DEFINITIONS = (
					"DEBUG=1",
					"$(inherited)",
				);
				GCC_WARN_64_TO_32_BIT_CONVERSION = YES;
				GCC_WARN_ABOUT_RETURN_TYPE = YES_ERROR;
				GCC_WARN_UNDECLARED_SELECTOR = YES;
				GCC_WARN_UNINITIALIZED_AUTOS = YES_AGGRESSIVE;
				GCC_WARN_UNUSED_FUNCTION = YES;
				GCC_WARN_UNUSED_VARIABLE = YES;
				IPHONEOS_DEPLOYMENT_TARGET = 15.5;
				MTL_ENABLE_DEBUG_INFO = INCLUDE_SOURCE;
				MTL_FAST_MATH = YES;
				ONLY_ACTIVE_ARCH = YES;
				SDKROOT = iphoneos;
				SWIFT_ACTIVE_COMPILATION_CONDITIONS = DEBUG;
				SWIFT_OPTIMIZATION_LEVEL = "-Onone";
			};
			name = Debug;
		};
		2CA7E8CA2862E51600C7B622 /* Release */ = {
			isa = XCBuildConfiguration;
			buildSettings = {
				ALWAYS_SEARCH_USER_PATHS = NO;
				CLANG_ANALYZER_NONNULL = YES;
				CLANG_ANALYZER_NUMBER_OBJECT_CONVERSION = YES_AGGRESSIVE;
				CLANG_CXX_LANGUAGE_STANDARD = "gnu++17";
				CLANG_ENABLE_MODULES = YES;
				CLANG_ENABLE_OBJC_ARC = YES;
				CLANG_ENABLE_OBJC_WEAK = YES;
				CLANG_WARN_BLOCK_CAPTURE_AUTORELEASING = YES;
				CLANG_WARN_BOOL_CONVERSION = YES;
				CLANG_WARN_COMMA = YES;
				CLANG_WARN_CONSTANT_CONVERSION = YES;
				CLANG_WARN_DEPRECATED_OBJC_IMPLEMENTATIONS = YES;
				CLANG_WARN_DIRECT_OBJC_ISA_USAGE = YES_ERROR;
				CLANG_WARN_DOCUMENTATION_COMMENTS = YES;
				CLANG_WARN_EMPTY_BODY = YES;
				CLANG_WARN_ENUM_CONVERSION = YES;
				CLANG_WARN_INFINITE_RECURSION = YES;
				CLANG_WARN_INT_CONVERSION = YES;
				CLANG_WARN_NON_LITERAL_NULL_CONVERSION = YES;
				CLANG_WARN_OBJC_IMPLICIT_RETAIN_SELF = YES;
				CLANG_WARN_OBJC_LITERAL_CONVERSION = YES;
				CLANG_WARN_OBJC_ROOT_CLASS = YES_ERROR;
				CLANG_WARN_QUOTED_INCLUDE_IN_FRAMEWORK_HEADER = YES;
				CLANG_WARN_RANGE_LOOP_ANALYSIS = YES;
				CLANG_WARN_STRICT_PROTOTYPES = YES;
				CLANG_WARN_SUSPICIOUS_MOVE = YES;
				CLANG_WARN_UNGUARDED_AVAILABILITY = YES_AGGRESSIVE;
				CLANG_WARN_UNREACHABLE_CODE = YES;
				CLANG_WARN__DUPLICATE_METHOD_MATCH = YES;
				COPY_PHASE_STRIP = NO;
				DEBUG_INFORMATION_FORMAT = "dwarf-with-dsym";
				ENABLE_NS_ASSERTIONS = NO;
				ENABLE_STRICT_OBJC_MSGSEND = YES;
				GCC_C_LANGUAGE_STANDARD = gnu11;
				GCC_NO_COMMON_BLOCKS = YES;
				GCC_WARN_64_TO_32_BIT_CONVERSION = YES;
				GCC_WARN_ABOUT_RETURN_TYPE = YES_ERROR;
				GCC_WARN_UNDECLARED_SELECTOR = YES;
				GCC_WARN_UNINITIALIZED_AUTOS = YES_AGGRESSIVE;
				GCC_WARN_UNUSED_FUNCTION = YES;
				GCC_WARN_UNUSED_VARIABLE = YES;
				IPHONEOS_DEPLOYMENT_TARGET = 15.5;
				MTL_ENABLE_DEBUG_INFO = NO;
				MTL_FAST_MATH = YES;
				SDKROOT = iphoneos;
				SWIFT_COMPILATION_MODE = wholemodule;
				SWIFT_OPTIMIZATION_LEVEL = "-O";
				VALIDATE_PRODUCT = YES;
			};
			name = Release;
		};
		2CA7E8CC2862E51600C7B622 /* Debug */ = {
			isa = XCBuildConfiguration;
			buildSettings = {
				ASSETCATALOG_COMPILER_APPICON_NAME = AppIcon;
				ASSETCATALOG_COMPILER_GLOBAL_ACCENT_COLOR_NAME = AccentColor;
				CODE_SIGN_STYLE = Automatic;
				CURRENT_PROJECT_VERSION = 1;
				DEVELOPMENT_TEAM = C3P52YR8KJ;
				GENERATE_INFOPLIST_FILE = YES;
				INFOPLIST_FILE = myTodoList/Info.plist;
				INFOPLIST_KEY_CFBundleDisplayName = Todos;
				INFOPLIST_KEY_UIApplicationSupportsIndirectInputEvents = YES;
				INFOPLIST_KEY_UILaunchStoryboardName = LaunchScreen;
				INFOPLIST_KEY_UIMainStoryboardFile = Main;
				INFOPLIST_KEY_UISupportedInterfaceOrientations_iPad = "UIInterfaceOrientationPortrait UIInterfaceOrientationPortraitUpsideDown UIInterfaceOrientationLandscapeLeft UIInterfaceOrientationLandscapeRight";
				INFOPLIST_KEY_UISupportedInterfaceOrientations_iPhone = "UIInterfaceOrientationPortrait UIInterfaceOrientationLandscapeLeft UIInterfaceOrientationLandscapeRight";
				LD_RUNPATH_SEARCH_PATHS = (
					"$(inherited)",
					"@executable_path/Frameworks",
				);
				MARKETING_VERSION = 1.0;
				PRODUCT_BUNDLE_IDENTIFIER = com.myTodoList;
				PRODUCT_NAME = "$(TARGET_NAME)";
				SWIFT_EMIT_LOC_STRINGS = YES;
				SWIFT_VERSION = 5.0;
				TARGETED_DEVICE_FAMILY = "1,2";
			};
			name = Debug;
		};
		2CA7E8CD2862E51600C7B622 /* Release */ = {
			isa = XCBuildConfiguration;
			buildSettings = {
				ASSETCATALOG_COMPILER_APPICON_NAME = AppIcon;
				ASSETCATALOG_COMPILER_GLOBAL_ACCENT_COLOR_NAME = AccentColor;
				CODE_SIGN_STYLE = Automatic;
				CURRENT_PROJECT_VERSION = 1;
				DEVELOPMENT_TEAM = C3P52YR8KJ;
				GENERATE_INFOPLIST_FILE = YES;
				INFOPLIST_FILE = myTodoList/Info.plist;
				INFOPLIST_KEY_CFBundleDisplayName = Todos;
				INFOPLIST_KEY_UIApplicationSupportsIndirectInputEvents = YES;
				INFOPLIST_KEY_UILaunchStoryboardName = LaunchScreen;
				INFOPLIST_KEY_UIMainStoryboardFile = Main;
				INFOPLIST_KEY_UISupportedInterfaceOrientations_iPad = "UIInterfaceOrientationPortrait UIInterfaceOrientationPortraitUpsideDown UIInterfaceOrientationLandscapeLeft UIInterfaceOrientationLandscapeRight";
				INFOPLIST_KEY_UISupportedInterfaceOrientations_iPhone = "UIInterfaceOrientationPortrait UIInterfaceOrientationLandscapeLeft UIInterfaceOrientationLandscapeRight";
				LD_RUNPATH_SEARCH_PATHS = (
					"$(inherited)",
					"@executable_path/Frameworks",
				);
				MARKETING_VERSION = 1.0;
				PRODUCT_BUNDLE_IDENTIFIER = com.myTodoList;
				PRODUCT_NAME = "$(TARGET_NAME)";
				SWIFT_EMIT_LOC_STRINGS = YES;
				SWIFT_VERSION = 5.0;
				TARGETED_DEVICE_FAMILY = "1,2";
			};
			name = Release;
		};
/* End XCBuildConfiguration section */

/* Begin XCConfigurationList section */
		2CA7E8AF2862E51500C7B622 /* Build configuration list for PBXProject "myTodoList" */ = {
			isa = XCConfigurationList;
			buildConfigurations = (
				2CA7E8C92862E51600C7B622 /* Debug */,
				2CA7E8CA2862E51600C7B622 /* Release */,
			);
			defaultConfigurationIsVisible = 0;
			defaultConfigurationName = Release;
		};
		2CA7E8CB2862E51600C7B622 /* Build configuration list for PBXNativeTarget "myTodoList" */ = {
			isa = XCConfigurationList;
			buildConfigurations = (
				2CA7E8CC2862E51600C7B622 /* Debug */,
				2CA7E8CD2862E51600C7B622 /* Release */,
			);
			defaultConfigurationIsVisible = 0;
			defaultConfigurationName = Release;
		};
/* End XCConfigurationList section */

/* Begin XCRemoteSwiftPackageReference section */
		2C3ADDEA2864B28500690FF5 /* XCRemoteSwiftPackageReference "firebase-ios-sdk" */ = {
			isa = XCRemoteSwiftPackageReference;
			repositoryURL = "https://github.com/firebase/firebase-ios-sdk";
			requirement = {
				branch = master;
				kind = branch;
			};
		};
		2C3ADE0F2865E05B00690FF5 /* XCRemoteSwiftPackageReference "SwiftyJSON" */ = {
			isa = XCRemoteSwiftPackageReference;
			repositoryURL = "https://github.com/SwiftyJSON/SwiftyJSON.git";
			requirement = {
				branch = master;
				kind = branch;
			};
		};
/* End XCRemoteSwiftPackageReference section */

/* Begin XCSwiftPackageProductDependency section */
		2C3ADDEB2864B28500690FF5 /* FirebaseAnalytics */ = {
			isa = XCSwiftPackageProductDependency;
			package = 2C3ADDEA2864B28500690FF5 /* XCRemoteSwiftPackageReference "firebase-ios-sdk" */;
			productName = FirebaseAnalytics;
		};
		2C3ADDED2864B28500690FF5 /* FirebaseAnalyticsOnDeviceConversion */ = {
			isa = XCSwiftPackageProductDependency;
			package = 2C3ADDEA2864B28500690FF5 /* XCRemoteSwiftPackageReference "firebase-ios-sdk" */;
			productName = FirebaseAnalyticsOnDeviceConversion;
		};
		2C3ADDEF2864B28500690FF5 /* FirebaseAnalyticsSwift */ = {
			isa = XCSwiftPackageProductDependency;
			package = 2C3ADDEA2864B28500690FF5 /* XCRemoteSwiftPackageReference "firebase-ios-sdk" */;
			productName = FirebaseAnalyticsSwift;
		};
		2C3ADDF12864B28500690FF5 /* FirebaseAnalyticsWithoutAdIdSupport */ = {
			isa = XCSwiftPackageProductDependency;
			package = 2C3ADDEA2864B28500690FF5 /* XCRemoteSwiftPackageReference "firebase-ios-sdk" */;
			productName = FirebaseAnalyticsWithoutAdIdSupport;
		};
		2C3ADDF32864B28500690FF5 /* FirebaseAppCheck */ = {
			isa = XCSwiftPackageProductDependency;
			package = 2C3ADDEA2864B28500690FF5 /* XCRemoteSwiftPackageReference "firebase-ios-sdk" */;
			productName = FirebaseAppCheck;
		};
		2C3ADDF52864B28500690FF5 /* FirebaseAppDistribution-Beta */ = {
			isa = XCSwiftPackageProductDependency;
			package = 2C3ADDEA2864B28500690FF5 /* XCRemoteSwiftPackageReference "firebase-ios-sdk" */;
			productName = "FirebaseAppDistribution-Beta";
		};
		2C3ADDF72864B28500690FF5 /* FirebaseAuth */ = {
			isa = XCSwiftPackageProductDependency;
			package = 2C3ADDEA2864B28500690FF5 /* XCRemoteSwiftPackageReference "firebase-ios-sdk" */;
			productName = FirebaseAuth;
		};
		2C3ADDF92864B28500690FF5 /* FirebaseAuthCombine-Community */ = {
			isa = XCSwiftPackageProductDependency;
			package = 2C3ADDEA2864B28500690FF5 /* XCRemoteSwiftPackageReference "firebase-ios-sdk" */;
			productName = "FirebaseAuthCombine-Community";
		};
		2C3ADDFB2864B28500690FF5 /* FirebaseCrashlytics */ = {
			isa = XCSwiftPackageProductDependency;
			package = 2C3ADDEA2864B28500690FF5 /* XCRemoteSwiftPackageReference "firebase-ios-sdk" */;
			productName = FirebaseCrashlytics;
		};
		2C3ADDFD2864B28500690FF5 /* FirebaseDatabase */ = {
			isa = XCSwiftPackageProductDependency;
			package = 2C3ADDEA2864B28500690FF5 /* XCRemoteSwiftPackageReference "firebase-ios-sdk" */;
			productName = FirebaseDatabase;
		};
		2C3ADDFF2864B28500690FF5 /* FirebaseDatabaseSwift */ = {
			isa = XCSwiftPackageProductDependency;
			package = 2C3ADDEA2864B28500690FF5 /* XCRemoteSwiftPackageReference "firebase-ios-sdk" */;
			productName = FirebaseDatabaseSwift;
		};
		2C3ADE012864B28500690FF5 /* FirebaseDynamicLinks */ = {
			isa = XCSwiftPackageProductDependency;
			package = 2C3ADDEA2864B28500690FF5 /* XCRemoteSwiftPackageReference "firebase-ios-sdk" */;
			productName = FirebaseDynamicLinks;
		};
		2C3ADE032864B28500690FF5 /* FirebaseFunctions */ = {
			isa = XCSwiftPackageProductDependency;
			package = 2C3ADDEA2864B28500690FF5 /* XCRemoteSwiftPackageReference "firebase-ios-sdk" */;
			productName = FirebaseFunctions;
		};
		2C3ADE052864B28500690FF5 /* FirebaseFunctionsCombine-Community */ = {
			isa = XCSwiftPackageProductDependency;
			package = 2C3ADDEA2864B28500690FF5 /* XCRemoteSwiftPackageReference "firebase-ios-sdk" */;
			productName = "FirebaseFunctionsCombine-Community";
		};
		2C3ADE072864B28500690FF5 /* FirebaseInstallations */ = {
			isa = XCSwiftPackageProductDependency;
			package = 2C3ADDEA2864B28500690FF5 /* XCRemoteSwiftPackageReference "firebase-ios-sdk" */;
			productName = FirebaseInstallations;
		};
		2C3ADE092864B28500690FF5 /* FirebaseMLModelDownloader */ = {
			isa = XCSwiftPackageProductDependency;
			package = 2C3ADDEA2864B28500690FF5 /* XCRemoteSwiftPackageReference "firebase-ios-sdk" */;
			productName = FirebaseMLModelDownloader;
		};
		2C3ADE0B2864B28500690FF5 /* FirebaseMessaging */ = {
			isa = XCSwiftPackageProductDependency;
			package = 2C3ADDEA2864B28500690FF5 /* XCRemoteSwiftPackageReference "firebase-ios-sdk" */;
			productName = FirebaseMessaging;
		};
		2C3ADE0D2864B28500690FF5 /* FirebasePerformance */ = {
			isa = XCSwiftPackageProductDependency;
			package = 2C3ADDEA2864B28500690FF5 /* XCRemoteSwiftPackageReference "firebase-ios-sdk" */;
			productName = FirebasePerformance;
		};
		2C3ADE102865E05C00690FF5 /* SwiftyJSON */ = {
			isa = XCSwiftPackageProductDependency;
			package = 2C3ADE0F2865E05B00690FF5 /* XCRemoteSwiftPackageReference "SwiftyJSON" */;
			productName = SwiftyJSON;
		};
/* End XCSwiftPackageProductDependency section */

/* Begin XCVersionGroup section */
		2CA7E8C02862E51500C7B622 /* myTodoList.xcdatamodeld */ = {
			isa = XCVersionGroup;
			children = (
				2CA7E8C12862E51500C7B622 /* myTodoList.xcdatamodel */,
			);
			currentVersion = 2CA7E8C12862E51500C7B622 /* myTodoList.xcdatamodel */;
			path = myTodoList.xcdatamodeld;
			sourceTree = "<group>";
			versionGroupType = wrapper.xcdatamodel;
		};
/* End XCVersionGroup section */
	};
	rootObject = 2CA7E8AC2862E51500C7B622 /* Project object */;
}
